// !$*UTF8*$!
{
	archiveVersion = 1;
	classes = {
	};
	objectVersion = 46;
	objects = {

/* Begin PBXBuildFile section */
		1DC250581E2868200018ECE6 /* AppDelegate.swift in Sources */ = {isa = PBXBuildFile; fileRef = 1DC250571E2868200018ECE6 /* AppDelegate.swift */; };
		1DC2505A1E2868200018ECE6 /* IssueListViewController.swift in Sources */ = {isa = PBXBuildFile; fileRef = 1DC250591E2868200018ECE6 /* IssueListViewController.swift */; };
		1DC2505F1E2868200018ECE6 /* Assets.xcassets in Resources */ = {isa = PBXBuildFile; fileRef = 1DC2505E1E2868200018ECE6 /* Assets.xcassets */; };
		1DC250621E2868200018ECE6 /* LaunchScreen.storyboard in Resources */ = {isa = PBXBuildFile; fileRef = 1DC250601E2868200018ECE6 /* LaunchScreen.storyboard */; };
		1DC2506D1E2868200018ECE6 /* RxMoyaExampleTests.swift in Sources */ = {isa = PBXBuildFile; fileRef = 1DC2506C1E2868200018ECE6 /* RxMoyaExampleTests.swift */; };
		1DC250781E2872C30018ECE6 /* GitHubEndpoint.swift in Sources */ = {isa = PBXBuildFile; fileRef = 1DC250771E2872C30018ECE6 /* GitHubEndpoint.swift */; };
		1DC2507A1E2957020018ECE6 /* Repository.swift in Sources */ = {isa = PBXBuildFile; fileRef = 1DC250791E2957020018ECE6 /* Repository.swift */; };
		1DC2507C1E295D880018ECE6 /* Issue.swift in Sources */ = {isa = PBXBuildFile; fileRef = 1DC2507B1E295D870018ECE6 /* Issue.swift */; };
		1DC2507F1E295E4F0018ECE6 /* IssueTrackerModel.swift in Sources */ = {isa = PBXBuildFile; fileRef = 1DC2507E1E295E4F0018ECE6 /* IssueTrackerModel.swift */; };
		1DCBAE441E2C7CF200525975 /* Response+Argo.swift in Sources */ = {isa = PBXBuildFile; fileRef = 1DCBAE431E2C7CF200525975 /* Response+Argo.swift */; };
		1DCBAE461E2C823A00525975 /* Observable+Argo.swift in Sources */ = {isa = PBXBuildFile; fileRef = 1DCBAE451E2C823A00525975 /* Observable+Argo.swift */; };
		5FCA34523BE3DB333ECCF63B /* Pods_RxMoyaExampleTests.framework in Frameworks */ = {isa = PBXBuildFile; fileRef = 3289759985F5D5530D99EEA4 /* Pods_RxMoyaExampleTests.framework */; };
		B2CF1C9307B592A883F9139C /* Pods_RxMoyaExample.framework in Frameworks */ = {isa = PBXBuildFile; fileRef = 0CAE0899307CF3B6ECBC6D8B /* Pods_RxMoyaExample.framework */; };
/* End PBXBuildFile section */

/* Begin PBXContainerItemProxy section */
		1DC250691E2868200018ECE6 /* PBXContainerItemProxy */ = {
			isa = PBXContainerItemProxy;
			containerPortal = 1DC2504C1E2868200018ECE6 /* Project object */;
			proxyType = 1;
			remoteGlobalIDString = 1DC250531E2868200018ECE6;
			remoteInfo = RxMoyaExample;
		};
/* End PBXContainerItemProxy section */

/* Begin PBXFileReference section */
		0CAE0899307CF3B6ECBC6D8B /* Pods_RxMoyaExample.framework */ = {isa = PBXFileReference; explicitFileType = wrapper.framework; includeInIndex = 0; path = Pods_RxMoyaExample.framework; sourceTree = BUILT_PRODUCTS_DIR; };
		1DC250541E2868200018ECE6 /* RxMoyaExample.app */ = {isa = PBXFileReference; explicitFileType = wrapper.application; includeInIndex = 0; path = RxMoyaExample.app; sourceTree = BUILT_PRODUCTS_DIR; };
		1DC250571E2868200018ECE6 /* AppDelegate.swift */ = {isa = PBXFileReference; lastKnownFileType = sourcecode.swift; path = AppDelegate.swift; sourceTree = "<group>"; };
		1DC250591E2868200018ECE6 /* IssueListViewController.swift */ = {isa = PBXFileReference; lastKnownFileType = sourcecode.swift; path = IssueListViewController.swift; sourceTree = "<group>"; };
		1DC2505E1E2868200018ECE6 /* Assets.xcassets */ = {isa = PBXFileReference; lastKnownFileType = folder.assetcatalog; path = Assets.xcassets; sourceTree = "<group>"; };
		1DC250611E2868200018ECE6 /* Base */ = {isa = PBXFileReference; lastKnownFileType = file.storyboard; name = Base; path = Base.lproj/LaunchScreen.storyboard; sourceTree = "<group>"; };
		1DC250631E2868200018ECE6 /* Info.plist */ = {isa = PBXFileReference; lastKnownFileType = text.plist.xml; path = Info.plist; sourceTree = "<group>"; };
		1DC250681E2868200018ECE6 /* RxMoyaExampleTests.xctest */ = {isa = PBXFileReference; explicitFileType = wrapper.cfbundle; includeInIndex = 0; path = RxMoyaExampleTests.xctest; sourceTree = BUILT_PRODUCTS_DIR; };
		1DC2506C1E2868200018ECE6 /* RxMoyaExampleTests.swift */ = {isa = PBXFileReference; lastKnownFileType = sourcecode.swift; path = RxMoyaExampleTests.swift; sourceTree = "<group>"; };
		1DC2506E1E2868200018ECE6 /* Info.plist */ = {isa = PBXFileReference; lastKnownFileType = text.plist.xml; path = Info.plist; sourceTree = "<group>"; };
		1DC250771E2872C30018ECE6 /* GitHubEndpoint.swift */ = {isa = PBXFileReference; fileEncoding = 4; lastKnownFileType = sourcecode.swift; path = GitHubEndpoint.swift; sourceTree = "<group>"; };
		1DC250791E2957020018ECE6 /* Repository.swift */ = {isa = PBXFileReference; fileEncoding = 4; lastKnownFileType = sourcecode.swift; path = Repository.swift; sourceTree = "<group>"; };
		1DC2507B1E295D870018ECE6 /* Issue.swift */ = {isa = PBXFileReference; fileEncoding = 4; lastKnownFileType = sourcecode.swift; path = Issue.swift; sourceTree = "<group>"; };
		1DC2507E1E295E4F0018ECE6 /* IssueTrackerModel.swift */ = {isa = PBXFileReference; fileEncoding = 4; lastKnownFileType = sourcecode.swift; path = IssueTrackerModel.swift; sourceTree = "<group>"; };
		1DCBAE431E2C7CF200525975 /* Response+Argo.swift */ = {isa = PBXFileReference; fileEncoding = 4; lastKnownFileType = sourcecode.swift; path = "Response+Argo.swift"; sourceTree = "<group>"; };
		1DCBAE451E2C823A00525975 /* Observable+Argo.swift */ = {isa = PBXFileReference; fileEncoding = 4; lastKnownFileType = sourcecode.swift; path = "Observable+Argo.swift"; sourceTree = "<group>"; };
		23FB6FF97C76AAEE801C062D /* Pods-RxMoyaExample.release.xcconfig */ = {isa = PBXFileReference; includeInIndex = 1; lastKnownFileType = text.xcconfig; name = "Pods-RxMoyaExample.release.xcconfig"; path = "Pods/Target Support Files/Pods-RxMoyaExample/Pods-RxMoyaExample.release.xcconfig"; sourceTree = "<group>"; };
		3289759985F5D5530D99EEA4 /* Pods_RxMoyaExampleTests.framework */ = {isa = PBXFileReference; explicitFileType = wrapper.framework; includeInIndex = 0; path = Pods_RxMoyaExampleTests.framework; sourceTree = BUILT_PRODUCTS_DIR; };
		650F046F88872BDAE120FC76 /* Pods-RxMoyaExampleTests.debug.xcconfig */ = {isa = PBXFileReference; includeInIndex = 1; lastKnownFileType = text.xcconfig; name = "Pods-RxMoyaExampleTests.debug.xcconfig"; path = "Pods/Target Support Files/Pods-RxMoyaExampleTests/Pods-RxMoyaExampleTests.debug.xcconfig"; sourceTree = "<group>"; };
		65F9B655E04B3094543BA142 /* Pods-RxMoyaExampleTests.release.xcconfig */ = {isa = PBXFileReference; includeInIndex = 1; lastKnownFileType = text.xcconfig; name = "Pods-RxMoyaExampleTests.release.xcconfig"; path = "Pods/Target Support Files/Pods-RxMoyaExampleTests/Pods-RxMoyaExampleTests.release.xcconfig"; sourceTree = "<group>"; };
		A5F86F4AF935C0A6AF09A734 /* Pods-RxMoyaExample.debug.xcconfig */ = {isa = PBXFileReference; includeInIndex = 1; lastKnownFileType = text.xcconfig; name = "Pods-RxMoyaExample.debug.xcconfig"; path = "Pods/Target Support Files/Pods-RxMoyaExample/Pods-RxMoyaExample.debug.xcconfig"; sourceTree = "<group>"; };
/* End PBXFileReference section */

/* Begin PBXFrameworksBuildPhase section */
		1DC250511E2868200018ECE6 /* Frameworks */ = {
			isa = PBXFrameworksBuildPhase;
			buildActionMask = 2147483647;
			files = (
				B2CF1C9307B592A883F9139C /* Pods_RxMoyaExample.framework in Frameworks */,
			);
			runOnlyForDeploymentPostprocessing = 0;
		};
		1DC250651E2868200018ECE6 /* Frameworks */ = {
			isa = PBXFrameworksBuildPhase;
			buildActionMask = 2147483647;
			files = (
				5FCA34523BE3DB333ECCF63B /* Pods_RxMoyaExampleTests.framework in Frameworks */,
			);
			runOnlyForDeploymentPostprocessing = 0;
		};
/* End PBXFrameworksBuildPhase section */

/* Begin PBXGroup section */
		1DC2504B1E2868200018ECE6 = {
			isa = PBXGroup;
			children = (
				1DC250561E2868200018ECE6 /* RxMoyaExample */,
				1DC2506B1E2868200018ECE6 /* RxMoyaExampleTests */,
				1DC250551E2868200018ECE6 /* Products */,
				E770C4AAF9BDE0F01E8E1A05 /* Pods */,
				D1886C8BEBD2F5184B001E69 /* Frameworks */,
			);
			sourceTree = "<group>";
		};
		1DC250551E2868200018ECE6 /* Products */ = {
			isa = PBXGroup;
			children = (
				1DC250541E2868200018ECE6 /* RxMoyaExample.app */,
				1DC250681E2868200018ECE6 /* RxMoyaExampleTests.xctest */,
			);
			name = Products;
			sourceTree = "<group>";
		};
		1DC250561E2868200018ECE6 /* RxMoyaExample */ = {
			isa = PBXGroup;
			children = (
				1DC250571E2868200018ECE6 /* AppDelegate.swift */,
				1DC250591E2868200018ECE6 /* IssueListViewController.swift */,
				1DC250771E2872C30018ECE6 /* GitHubEndpoint.swift */,
				1DC250791E2957020018ECE6 /* Repository.swift */,
				1DC2507B1E295D870018ECE6 /* Issue.swift */,
				1DC2507E1E295E4F0018ECE6 /* IssueTrackerModel.swift */,
				1DCBAE421E2C7CCB00525975 /* ArgoBindings */,
				1DC2505E1E2868200018ECE6 /* Assets.xcassets */,
				1DC250601E2868200018ECE6 /* LaunchScreen.storyboard */,
				1DC250631E2868200018ECE6 /* Info.plist */,
			);
			path = RxMoyaExample;
			sourceTree = "<group>";
		};
		1DC2506B1E2868200018ECE6 /* RxMoyaExampleTests */ = {
			isa = PBXGroup;
			children = (
				1DC2506C1E2868200018ECE6 /* RxMoyaExampleTests.swift */,
				1DC2506E1E2868200018ECE6 /* Info.plist */,
			);
			path = RxMoyaExampleTests;
			sourceTree = "<group>";
		};
		1DCBAE421E2C7CCB00525975 /* ArgoBindings */ = {
			isa = PBXGroup;
			children = (
				1DCBAE431E2C7CF200525975 /* Response+Argo.swift */,
				1DCBAE451E2C823A00525975 /* Observable+Argo.swift */,
			);
			name = ArgoBindings;
			sourceTree = "<group>";
		};
		D1886C8BEBD2F5184B001E69 /* Frameworks */ = {
			isa = PBXGroup;
			children = (
				0CAE0899307CF3B6ECBC6D8B /* Pods_RxMoyaExample.framework */,
				3289759985F5D5530D99EEA4 /* Pods_RxMoyaExampleTests.framework */,
			);
			name = Frameworks;
			sourceTree = "<group>";
		};
		E770C4AAF9BDE0F01E8E1A05 /* Pods */ = {
			isa = PBXGroup;
			children = (
				A5F86F4AF935C0A6AF09A734 /* Pods-RxMoyaExample.debug.xcconfig */,
				23FB6FF97C76AAEE801C062D /* Pods-RxMoyaExample.release.xcconfig */,
				650F046F88872BDAE120FC76 /* Pods-RxMoyaExampleTests.debug.xcconfig */,
				65F9B655E04B3094543BA142 /* Pods-RxMoyaExampleTests.release.xcconfig */,
			);
			name = Pods;
			sourceTree = "<group>";
		};
/* End PBXGroup section */

/* Begin PBXNativeTarget section */
		1DC250531E2868200018ECE6 /* RxMoyaExample */ = {
			isa = PBXNativeTarget;
			buildConfigurationList = 1DC250711E2868200018ECE6 /* Build configuration list for PBXNativeTarget "RxMoyaExample" */;
			buildPhases = (
				62C79DEA96F20268116334EB /* [CP] Check Pods Manifest.lock */,
				1DC250501E2868200018ECE6 /* Sources */,
				1DC250511E2868200018ECE6 /* Frameworks */,
				1DC250521E2868200018ECE6 /* Resources */,
				206B0C3815EF7949C6606F00 /* [CP] Embed Pods Frameworks */,
				2BD5E2235EC90E2862A37342 /* [CP] Copy Pods Resources */,
			);
			buildRules = (
			);
			dependencies = (
			);
			name = RxMoyaExample;
			productName = RxMoyaExample;
			productReference = 1DC250541E2868200018ECE6 /* RxMoyaExample.app */;
			productType = "com.apple.product-type.application";
		};
		1DC250671E2868200018ECE6 /* RxMoyaExampleTests */ = {
			isa = PBXNativeTarget;
			buildConfigurationList = 1DC250741E2868200018ECE6 /* Build configuration list for PBXNativeTarget "RxMoyaExampleTests" */;
			buildPhases = (
				22561221B3DA4754315DD547 /* [CP] Check Pods Manifest.lock */,
				1DC250641E2868200018ECE6 /* Sources */,
				1DC250651E2868200018ECE6 /* Frameworks */,
				1DC250661E2868200018ECE6 /* Resources */,
				721C25F9431A5C29F741A0C3 /* [CP] Embed Pods Frameworks */,
				02CACF2745D4CA1C0AD73F6C /* [CP] Copy Pods Resources */,
			);
			buildRules = (
			);
			dependencies = (
				1DC2506A1E2868200018ECE6 /* PBXTargetDependency */,
			);
			name = RxMoyaExampleTests;
			productName = RxMoyaExampleTests;
			productReference = 1DC250681E2868200018ECE6 /* RxMoyaExampleTests.xctest */;
			productType = "com.apple.product-type.bundle.unit-test";
		};
/* End PBXNativeTarget section */

/* Begin PBXProject section */
		1DC2504C1E2868200018ECE6 /* Project object */ = {
			isa = PBXProject;
			attributes = {
				LastSwiftUpdateCheck = 0820;
				LastUpgradeCheck = 0820;
				ORGANIZATIONNAME = "Benjamin Emdon";
				TargetAttributes = {
					1DC250531E2868200018ECE6 = {
						CreatedOnToolsVersion = 8.2.1;
						ProvisioningStyle = Automatic;
					};
					1DC250671E2868200018ECE6 = {
						CreatedOnToolsVersion = 8.2.1;
						ProvisioningStyle = Automatic;
						TestTargetID = 1DC250531E2868200018ECE6;
					};
				};
			};
			buildConfigurationList = 1DC2504F1E2868200018ECE6 /* Build configuration list for PBXProject "RxMoyaExample" */;
			compatibilityVersion = "Xcode 3.2";
			developmentRegion = English;
			hasScannedForEncodings = 0;
			knownRegions = (
				en,
				Base,
			);
			mainGroup = 1DC2504B1E2868200018ECE6;
			productRefGroup = 1DC250551E2868200018ECE6 /* Products */;
			projectDirPath = "";
			projectRoot = "";
			targets = (
				1DC250531E2868200018ECE6 /* RxMoyaExample */,
				1DC250671E2868200018ECE6 /* RxMoyaExampleTests */,
			);
		};
/* End PBXProject section */

/* Begin PBXResourcesBuildPhase section */
		1DC250521E2868200018ECE6 /* Resources */ = {
			isa = PBXResourcesBuildPhase;
			buildActionMask = 2147483647;
			files = (
				1DC250621E2868200018ECE6 /* LaunchScreen.storyboard in Resources */,
				1DC2505F1E2868200018ECE6 /* Assets.xcassets in Resources */,
			);
			runOnlyForDeploymentPostprocessing = 0;
		};
		1DC250661E2868200018ECE6 /* Resources */ = {
			isa = PBXResourcesBuildPhase;
			buildActionMask = 2147483647;
			files = (
			);
			runOnlyForDeploymentPostprocessing = 0;
		};
/* End PBXResourcesBuildPhase section */

/* Begin PBXShellScriptBuildPhase section */
		02CACF2745D4CA1C0AD73F6C /* [CP] Copy Pods Resources */ = {
			isa = PBXShellScriptBuildPhase;
			buildActionMask = 2147483647;
			files = (
			);
			inputPaths = (
			);
			name = "[CP] Copy Pods Resources";
			outputPaths = (
			);
			runOnlyForDeploymentPostprocessing = 0;
			shellPath = /bin/sh;
			shellScript = "\"${SRCROOT}/Pods/Target Support Files/Pods-RxMoyaExampleTests/Pods-RxMoyaExampleTests-resources.sh\"\n";
			showEnvVarsInLog = 0;
		};
		206B0C3815EF7949C6606F00 /* [CP] Embed Pods Frameworks */ = {
			isa = PBXShellScriptBuildPhase;
			buildActionMask = 2147483647;
			files = (
			);
			inputPaths = (
			);
			name = "[CP] Embed Pods Frameworks";
			outputPaths = (
			);
			runOnlyForDeploymentPostprocessing = 0;
			shellPath = /bin/sh;
			shellScript = "\"${SRCROOT}/Pods/Target Support Files/Pods-RxMoyaExample/Pods-RxMoyaExample-frameworks.sh\"\n";
			showEnvVarsInLog = 0;
		};
		22561221B3DA4754315DD547 /* [CP] Check Pods Manifest.lock */ = {
			isa = PBXShellScriptBuildPhase;
			buildActionMask = 2147483647;
			files = (
			);
			inputPaths = (
			);
			name = "[CP] Check Pods Manifest.lock";
			outputPaths = (
			);
			runOnlyForDeploymentPostprocessing = 0;
			shellPath = /bin/sh;
			shellScript = "diff \"${PODS_ROOT}/../Podfile.lock\" \"${PODS_ROOT}/Manifest.lock\" > /dev/null\nif [ $? != 0 ] ; then\n    # print error to STDERR\n    echo \"error: The sandbox is not in sync with the Podfile.lock. Run 'pod install' or update your CocoaPods installation.\" >&2\n    exit 1\nfi\n";
			showEnvVarsInLog = 0;
		};
		2BD5E2235EC90E2862A37342 /* [CP] Copy Pods Resources */ = {
			isa = PBXShellScriptBuildPhase;
			buildActionMask = 2147483647;
			files = (
			);
			inputPaths = (
			);
			name = "[CP] Copy Pods Resources";
			outputPaths = (
			);
			runOnlyForDeploymentPostprocessing = 0;
			shellPath = /bin/sh;
			shellScript = "\"${SRCROOT}/Pods/Target Support Files/Pods-RxMoyaExample/Pods-RxMoyaExample-resources.sh\"\n";
			showEnvVarsInLog = 0;
		};
		62C79DEA96F20268116334EB /* [CP] Check Pods Manifest.lock */ = {
			isa = PBXShellScriptBuildPhase;
			buildActionMask = 2147483647;
			files = (
			);
			inputPaths = (
			);
			name = "[CP] Check Pods Manifest.lock";
			outputPaths = (
			);
			runOnlyForDeploymentPostprocessing = 0;
			shellPath = /bin/sh;
			shellScript = "diff \"${PODS_ROOT}/../Podfile.lock\" \"${PODS_ROOT}/Manifest.lock\" > /dev/null\nif [ $? != 0 ] ; then\n    # print error to STDERR\n    echo \"error: The sandbox is not in sync with the Podfile.lock. Run 'pod install' or update your CocoaPods installation.\" >&2\n    exit 1\nfi\n";
			showEnvVarsInLog = 0;
		};
		721C25F9431A5C29F741A0C3 /* [CP] Embed Pods Frameworks */ = {
			isa = PBXShellScriptBuildPhase;
			buildActionMask = 2147483647;
			files = (
			);
			inputPaths = (
			);
			name = "[CP] Embed Pods Frameworks";
			outputPaths = (
			);
			runOnlyForDeploymentPostprocessing = 0;
			shellPath = /bin/sh;
			shellScript = "\"${SRCROOT}/Pods/Target Support Files/Pods-RxMoyaExampleTests/Pods-RxMoyaExampleTests-frameworks.sh\"\n";
			showEnvVarsInLog = 0;
		};
/* End PBXShellScriptBuildPhase section */

/* Begin PBXSourcesBuildPhase section */
		1DC250501E2868200018ECE6 /* Sources */ = {
			isa = PBXSourcesBuildPhase;
			buildActionMask = 2147483647;
			files = (
				1DC2507C1E295D880018ECE6 /* Issue.swift in Sources */,
				1DCBAE461E2C823A00525975 /* Observable+Argo.swift in Sources */,
				1DC250781E2872C30018ECE6 /* GitHubEndpoint.swift in Sources */,
				1DC2505A1E2868200018ECE6 /* IssueListViewController.swift in Sources */,
				1DCBAE441E2C7CF200525975 /* Response+Argo.swift in Sources */,
				1DC250581E2868200018ECE6 /* AppDelegate.swift in Sources */,
				1DC2507F1E295E4F0018ECE6 /* IssueTrackerModel.swift in Sources */,
				1DC2507A1E2957020018ECE6 /* Repository.swift in Sources */,
			);
			runOnlyForDeploymentPostprocessing = 0;
		};
		1DC250641E2868200018ECE6 /* Sources */ = {
			isa = PBXSourcesBuildPhase;
			buildActionMask = 2147483647;
			files = (
				1DC2506D1E2868200018ECE6 /* RxMoyaExampleTests.swift in Sources */,
			);
			runOnlyForDeploymentPostprocessing = 0;
		};
/* End PBXSourcesBuildPhase section */

/* Begin PBXTargetDependency section */
		1DC2506A1E2868200018ECE6 /* PBXTargetDependency */ = {
			isa = PBXTargetDependency;
			target = 1DC250531E2868200018ECE6 /* RxMoyaExample */;
			targetProxy = 1DC250691E2868200018ECE6 /* PBXContainerItemProxy */;
		};
/* End PBXTargetDependency section */

/* Begin PBXVariantGroup section */
		1DC250601E2868200018ECE6 /* LaunchScreen.storyboard */ = {
			isa = PBXVariantGroup;
			children = (
				1DC250611E2868200018ECE6 /* Base */,
			);
			name = LaunchScreen.storyboard;
			sourceTree = "<group>";
		};
/* End PBXVariantGroup section */

/* Begin XCBuildConfiguration section */
		1DC2506F1E2868200018ECE6 /* Debug */ = {
			isa = XCBuildConfiguration;
			buildSettings = {
				ALWAYS_SEARCH_USER_PATHS = NO;
				CLANG_ANALYZER_NONNULL = YES;
				CLANG_CXX_LANGUAGE_STANDARD = "gnu++0x";
				CLANG_CXX_LIBRARY = "libc++";
				CLANG_ENABLE_MODULES = YES;
				CLANG_ENABLE_OBJC_ARC = YES;
				CLANG_WARN_BOOL_CONVERSION = YES;
				CLANG_WARN_CONSTANT_CONVERSION = YES;
				CLANG_WARN_DIRECT_OBJC_ISA_USAGE = YES_ERROR;
				CLANG_WARN_DOCUMENTATION_COMMENTS = YES;
				CLANG_WARN_EMPTY_BODY = YES;
				CLANG_WARN_ENUM_CONVERSION = YES;
				CLANG_WARN_INFINITE_RECURSION = YES;
				CLANG_WARN_INT_CONVERSION = YES;
				CLANG_WARN_OBJC_ROOT_CLASS = YES_ERROR;
				CLANG_WARN_SUSPICIOUS_MOVE = YES;
				CLANG_WARN_UNREACHABLE_CODE = YES;
				CLANG_WARN__DUPLICATE_METHOD_MATCH = YES;
				"CODE_SIGN_IDENTITY[sdk=iphoneos*]" = "iPhone Developer";
				COPY_PHASE_STRIP = NO;
				DEBUG_INFORMATION_FORMAT = dwarf;
				ENABLE_STRICT_OBJC_MSGSEND = YES;
				ENABLE_TESTABILITY = YES;
				GCC_C_LANGUAGE_STANDARD = gnu99;
				GCC_DYNAMIC_NO_PIC = NO;
				GCC_NO_COMMON_BLOCKS = YES;
				GCC_OPTIMIZATION_LEVEL = 0;
				GCC_PREPROCESSOR_DEFINITIONS = (
					"DEBUG=1",
					"$(inherited)",
				);
				GCC_WARN_64_TO_32_BIT_CONVERSION = YES;
				GCC_WARN_ABOUT_RETURN_TYPE = YES_ERROR;
				GCC_WARN_UNDECLARED_SELECTOR = YES;
				GCC_WARN_UNINITIALIZED_AUTOS = YES_AGGRESSIVE;
				GCC_WARN_UNUSED_FUNCTION = YES;
				GCC_WARN_UNUSED_VARIABLE = YES;
				IPHONEOS_DEPLOYMENT_TARGET = 10.2;
				MTL_ENABLE_DEBUG_INFO = YES;
				ONLY_ACTIVE_ARCH = YES;
				SDKROOT = iphoneos;
				SWIFT_ACTIVE_COMPILATION_CONDITIONS = DEBUG;
				SWIFT_OPTIMIZATION_LEVEL = "-Onone";
				TARGETED_DEVICE_FAMILY = "1,2";
			};
			name = Debug;
		};
		1DC250701E2868200018ECE6 /* Release */ = {
			isa = XCBuildConfiguration;
			buildSettings = {
				ALWAYS_SEARCH_USER_PATHS = NO;
				CLANG_ANALYZER_NONNULL = YES;
				CLANG_CXX_LANGUAGE_STANDARD = "gnu++0x";
				CLANG_CXX_LIBRARY = "libc++";
				CLANG_ENABLE_MODULES = YES;
				CLANG_ENABLE_OBJC_ARC = YES;
				CLANG_WARN_BOOL_CONVERSION = YES;
				CLANG_WARN_CONSTANT_CONVERSION = YES;
				CLANG_WARN_DIRECT_OBJC_ISA_USAGE = YES_ERROR;
				CLANG_WARN_DOCUMENTATION_COMMENTS = YES;
				CLANG_WARN_EMPTY_BODY = YES;
				CLANG_WARN_ENUM_CONVERSION = YES;
				CLANG_WARN_INFINITE_RECURSION = YES;
				CLANG_WARN_INT_CONVERSION = YES;
				CLANG_WARN_OBJC_ROOT_CLASS = YES_ERROR;
				CLANG_WARN_SUSPICIOUS_MOVE = YES;
				CLANG_WARN_UNREACHABLE_CODE = YES;
				CLANG_WARN__DUPLICATE_METHOD_MATCH = YES;
				"CODE_SIGN_IDENTITY[sdk=iphoneos*]" = "iPhone Developer";
				COPY_PHASE_STRIP = NO;
				DEBUG_INFORMATION_FORMAT = "dwarf-with-dsym";
				ENABLE_NS_ASSERTIONS = NO;
				ENABLE_STRICT_OBJC_MSGSEND = YES;
				GCC_C_LANGUAGE_STANDARD = gnu99;
				GCC_NO_COMMON_BLOCKS = YES;
				GCC_WARN_64_TO_32_BIT_CONVERSION = YES;
				GCC_WARN_ABOUT_RETURN_TYPE = YES_ERROR;
				GCC_WARN_UNDECLARED_SELECTOR = YES;
				GCC_WARN_UNINITIALIZED_AUTOS = YES_AGGRESSIVE;
				GCC_WARN_UNUSED_FUNCTION = YES;
				GCC_WARN_UNUSED_VARIABLE = YES;
				IPHONEOS_DEPLOYMENT_TARGET = 10.2;
				MTL_ENABLE_DEBUG_INFO = NO;
				SDKROOT = iphoneos;
				SWIFT_OPTIMIZATION_LEVEL = "-Owholemodule";
				TARGETED_DEVICE_FAMILY = "1,2";
				VALIDATE_PRODUCT = YES;
			};
			name = Release;
		};
		1DC250721E2868200018ECE6 /* Debug */ = {
			isa = XCBuildConfiguration;
			baseConfigurationReference = A5F86F4AF935C0A6AF09A734 /* Pods-RxMoyaExample.debug.xcconfig */;
			buildSettings = {
				ASSETCATALOG_COMPILER_APPICON_NAME = AppIcon;
				INFOPLIST_FILE = RxMoyaExample/Info.plist;
				LD_RUNPATH_SEARCH_PATHS = "$(inherited) @executable_path/Frameworks";
				PRODUCT_BUNDLE_IDENTIFIER = io.BenEmdon.RxMoyaExample;
				PRODUCT_NAME = "$(TARGET_NAME)";
				SWIFT_VERSION = 3.0;
			};
			name = Debug;
		};
		1DC250731E2868200018ECE6 /* Release */ = {
			isa = XCBuildConfiguration;
			baseConfigurationReference = 23FB6FF97C76AAEE801C062D /* Pods-RxMoyaExample.release.xcconfig */;
			buildSettings = {
				ASSETCATALOG_COMPILER_APPICON_NAME = AppIcon;
				INFOPLIST_FILE = RxMoyaExample/Info.plist;
				LD_RUNPATH_SEARCH_PATHS = "$(inherited) @executable_path/Frameworks";
				PRODUCT_BUNDLE_IDENTIFIER = io.BenEmdon.RxMoyaExample;
				PRODUCT_NAME = "$(TARGET_NAME)";
				SWIFT_VERSION = 3.0;
			};
			name = Release;
		};
		1DC250751E2868200018ECE6 /* Debug */ = {
			isa = XCBuildConfiguration;
			baseConfigurationReference = 650F046F88872BDAE120FC76 /* Pods-RxMoyaExampleTests.debug.xcconfig */;
			buildSettings = {
				ALWAYS_EMBED_SWIFT_STANDARD_LIBRARIES = YES;
				BUNDLE_LOADER = "$(TEST_HOST)";
				INFOPLIST_FILE = RxMoyaExampleTests/Info.plist;
				LD_RUNPATH_SEARCH_PATHS = "$(inherited) @executable_path/Frameworks @loader_path/Frameworks";
				PRODUCT_BUNDLE_IDENTIFIER = io.BenEmdon.RxMoyaExampleTests;
				PRODUCT_NAME = "$(TARGET_NAME)";
				SWIFT_VERSION = 3.0;
				TEST_HOST = "$(BUILT_PRODUCTS_DIR)/RxMoyaExample.app/RxMoyaExample";
			};
			name = Debug;
		};
		1DC250761E2868200018ECE6 /* Release */ = {
			isa = XCBuildConfiguration;
			baseConfigurationReference = 65F9B655E04B3094543BA142 /* Pods-RxMoyaExampleTests.release.xcconfig */;
			buildSettings = {
				ALWAYS_EMBED_SWIFT_STANDARD_LIBRARIES = YES;
				BUNDLE_LOADER = "$(TEST_HOST)";
				INFOPLIST_FILE = RxMoyaExampleTests/Info.plist;
				LD_RUNPATH_SEARCH_PATHS = "$(inherited) @executable_path/Frameworks @loader_path/Frameworks";
				PRODUCT_BUNDLE_IDENTIFIER = io.BenEmdon.RxMoyaExampleTests;
				PRODUCT_NAME = "$(TARGET_NAME)";
				SWIFT_VERSION = 3.0;
				TEST_HOST = "$(BUILT_PRODUCTS_DIR)/RxMoyaExample.app/RxMoyaExample";
			};
			name = Release;
		};
/* End XCBuildConfiguration section */

/* Begin XCConfigurationList section */
		1DC2504F1E2868200018ECE6 /* Build configuration list for PBXProject "RxMoyaExample" */ = {
			isa = XCConfigurationList;
			buildConfigurations = (
				1DC2506F1E2868200018ECE6 /* Debug */,
				1DC250701E2868200018ECE6 /* Release */,
			);
			defaultConfigurationIsVisible = 0;
			defaultConfigurationName = Release;
		};
		1DC250711E2868200018ECE6 /* Build configuration list for PBXNativeTarget "RxMoyaExample" */ = {
			isa = XCConfigurationList;
			buildConfigurations = (
				1DC250721E2868200018ECE6 /* Debug */,
				1DC250731E2868200018ECE6 /* Release */,
			);
			defaultConfigurationIsVisible = 0;
			defaultConfigurationName = Release;
		};
		1DC250741E2868200018ECE6 /* Build configuration list for PBXNativeTarget "RxMoyaExampleTests" */ = {
			isa = XCConfigurationList;
			buildConfigurations = (
				1DC250751E2868200018ECE6 /* Debug */,
				1DC250761E2868200018ECE6 /* Release */,
			);
			defaultConfigurationIsVisible = 0;
			defaultConfigurationName = Release;
		};
/* End XCConfigurationList section */
	};
	rootObject = 1DC2504C1E2868200018ECE6 /* Project object */;
}
